
Microsoft Visual Studio Solution File, Format Version 12.00
# Visual Studio Version 16
VisualStudioVersion = 16.0.31911.196
MinimumVisualStudioVersion = 10.0.40219.1
Project("{FAE04EC0-301F-11D3-BF4B-00C04F79EFBC}") = "NumeroPrimoFor", "NumeroPrimoFor\NumeroPrimoFor.csproj", "{8912F6D3-8C9A-4ECE-9B1F-2EC495EA0E92}"
EndProject
Global
	GlobalSection(SolutionConfigurationPlatforms) = preSolution
		Debug|Any CPU = Debug|Any CPU
		Release|Any CPU = Release|Any CPU
	EndGlobalSection
	GlobalSection(ProjectConfigurationPlatforms) = postSolution
		{8912F6D3-8C9A-4ECE-9B1F-2EC495EA0E92}.Debug|Any CPU.ActiveCfg = Debug|Any CPU
		{8912F6D3-8C9A-4ECE-9B1F-2EC495EA0E92}.Debug|Any CPU.Build.0 = Debug|Any CPU
		{8912F6D3-8C9A-4ECE-9B1F-2EC495EA0E92}.Release|Any CPU.ActiveCfg = Release|Any CPU
		{8912F6D3-8C9A-4ECE-9B1F-2EC495EA0E92}.Release|Any CPU.Build.0 = Release|Any CPU
	EndGlobalSection
	GlobalSection(SolutionProperties) = preSolution
		HideSolutionNode = FALSE
	EndGlobalSection
	GlobalSection(ExtensibilityGlobals) = postSolution
		SolutionGuid = {D4B8DBFB-3269-47C4-B5CE-E56E550626CF}
	EndGlobalSection
EndGlobal
